
Microsoft Visual Studio Solution File, Format Version 12.00
# Visual Studio 15
VisualStudioVersion = 15.0.26730.8
MinimumVisualStudioVersion = 10.0.40219.1
Project("{FAE04EC0-301F-11D3-BF4B-00C04F79EFBC}") = "LaunchNumbering", "LaunchNumbering\LaunchNumbering.csproj", "{0ACC6D11-5A19-4BE0-84CF-E58837020097}"
EndProject
Project("{2150E333-8FDC-42A3-9474-1A3956D46DE8}") = "Images", "Images", "{38E178AA-8E91-4EF7-ABAA-6F836C29E249}"
	ProjectSection(SolutionItems) = preProject
		Images\Composed.png = Images\Composed.png
		Images\LaunchPanel.png = Images\LaunchPanel.png
		Images\screenshot0.png = Images\screenshot0.png
		Images\screenshot1.png = Images\screenshot1.png
		Images\screenshot10.png = Images\screenshot10.png
		Images\screenshot11.png = Images\screenshot11.png
		Images\screenshot2.png = Images\screenshot2.png
		Images\screenshot3.png = Images\screenshot3.png
		Images\screenshot4.png = Images\screenshot4.png
		Images\screenshot5.png = Images\screenshot5.png
		Images\screenshot6.png = Images\screenshot6.png
		Images\screenshot7.png = Images\screenshot7.png
		Images\screenshot8.png = Images\screenshot8.png
		Images\screenshot9.png = Images\screenshot9.png
		Images\TrackingCentreList.png = Images\TrackingCentreList.png
	EndProjectSection
EndProject
Project("{2150E333-8FDC-42A3-9474-1A3956D46DE8}") = "SolutionItems", "SolutionItems", "{CC3831EA-8A71-45D8-93AB-5C524D2AEBD3}"
	ProjectSection(SolutionItems) = preProject
		Changelog.txt = Changelog.txt
	EndProjectSection
EndProject
Global
	GlobalSection(SolutionConfigurationPlatforms) = preSolution
		Debug|Any CPU = Debug|Any CPU
		Release|Any CPU = Release|Any CPU
	EndGlobalSection
	GlobalSection(ProjectConfigurationPlatforms) = postSolution
		{0ACC6D11-5A19-4BE0-84CF-E58837020097}.Debug|Any CPU.ActiveCfg = Debug|Any CPU
		{0ACC6D11-5A19-4BE0-84CF-E58837020097}.Debug|Any CPU.Build.0 = Debug|Any CPU
		{0ACC6D11-5A19-4BE0-84CF-E58837020097}.Release|Any CPU.ActiveCfg = Release|Any CPU
		{0ACC6D11-5A19-4BE0-84CF-E58837020097}.Release|Any CPU.Build.0 = Release|Any CPU
	EndGlobalSection
	GlobalSection(SolutionProperties) = preSolution
		HideSolutionNode = FALSE
	EndGlobalSection
	GlobalSection(ExtensibilityGlobals) = postSolution
		SolutionGuid = {612A35DB-4C48-4493-9BFD-37D521F1DDAC}
	EndGlobalSection
EndGlobal
